{
    "version": 3,
    "terraform_version": "0.11.7",
    "serial": 6,
    "lineage": "4bc52d10-113c-2b1a-0e15-6de95397b9b5",
    "modules": [
        {
            "path": [
                "root"
            ],
            "outputs": {},
            "resources": {},
            "depends_on": []
        },
        {
            "path": [
                "root",
                "app_tier"
            ],
            "outputs": {
                "app_ami": {
                    "sensitive": false,
                    "type": "string",
                    "value": "ami-c2b8bfbb"
                },
                "app_sec": {
                    "sensitive": false,
                    "type": "string",
                    "value": "sg-0e318942e6d2516e4"
                },
                "vpc_id": {
                    "sensitive": false,
                    "type": "string",
                    "value": "vpc-006620943b9a1e62e"
                }
            },
            "resources": {
                "aws_internet_gateway.app": {
                    "type": "aws_internet_gateway",
                    "depends_on": [],
                    "primary": {
                        "id": "igw-0b2f6504a9cce4d58",
                        "attributes": {
                            "id": "igw-0b2f6504a9cce4d58",
                            "tags.%": "1",
                            "tags.Name": "app-manvir",
                            "vpc_id": "vpc-006620943b9a1e62e"
                        },
                        "meta": {},
                        "tainted": false
                    },
                    "deposed": [],
                    "provider": "provider.aws"
                },
                "aws_network_acl.app": {
                    "type": "aws_network_acl",
                    "depends_on": [
                        "aws_subnet.app"
                    ],
                    "primary": {
                        "id": "acl-0dfad704a5ce3d6c9",
                        "attributes": {
                            "egress.#": "2",
                            "egress.2654803892.action": "allow",
                            "egress.2654803892.cidr_block": "0.0.0.0/0",
                            "egress.2654803892.from_port": "80",
                            "egress.2654803892.icmp_code": "0",
                            "egress.2654803892.icmp_type": "0",
                            "egress.2654803892.ipv6_cidr_block": "",
                            "egress.2654803892.protocol": "6",
                            "egress.2654803892.rule_no": "100",
                            "egress.2654803892.to_port": "80",
                            "egress.2681174233.action": "allow",
                            "egress.2681174233.cidr_block": "0.0.0.0/0",
                            "egress.2681174233.from_port": "1024",
                            "egress.2681174233.icmp_code": "0",
                            "egress.2681174233.icmp_type": "0",
                            "egress.2681174233.ipv6_cidr_block": "",
                            "egress.2681174233.protocol": "6",
                            "egress.2681174233.rule_no": "120",
                            "egress.2681174233.to_port": "65535",
                            "id": "acl-0dfad704a5ce3d6c9",
                            "ingress.#": "2",
                            "ingress.2654803892.action": "allow",
                            "ingress.2654803892.cidr_block": "0.0.0.0/0",
                            "ingress.2654803892.from_port": "80",
                            "ingress.2654803892.icmp_code": "0",
                            "ingress.2654803892.icmp_type": "0",
                            "ingress.2654803892.ipv6_cidr_block": "",
                            "ingress.2654803892.protocol": "6",
                            "ingress.2654803892.rule_no": "100",
                            "ingress.2654803892.to_port": "80",
                            "ingress.2681174233.action": "allow",
                            "ingress.2681174233.cidr_block": "0.0.0.0/0",
                            "ingress.2681174233.from_port": "1024",
                            "ingress.2681174233.icmp_code": "0",
                            "ingress.2681174233.icmp_type": "0",
                            "ingress.2681174233.ipv6_cidr_block": "",
                            "ingress.2681174233.protocol": "6",
                            "ingress.2681174233.rule_no": "120",
                            "ingress.2681174233.to_port": "65535",
                            "subnet_ids.#": "1",
                            "subnet_ids.1038404982": "subnet-0090465f89cb57264",
                            "tags.%": "1",
                            "tags.Name": "app-manvir",
                            "vpc_id": "vpc-006620943b9a1e62e"
                        },
                        "meta": {},
                        "tainted": false
                    },
                    "deposed": [],
                    "provider": "provider.aws"
                },
                "aws_route_table.app": {
                    "type": "aws_route_table",
                    "depends_on": [
                        "aws_internet_gateway.app"
                    ],
                    "primary": {
                        "id": "rtb-0a843a3d32b09cbab",
                        "attributes": {
                            "id": "rtb-0a843a3d32b09cbab",
                            "propagating_vgws.#": "0",
                            "route.#": "1",
                            "route.534998779.cidr_block": "0.0.0.0/0",
                            "route.534998779.egress_only_gateway_id": "",
                            "route.534998779.gateway_id": "igw-0b2f6504a9cce4d58",
                            "route.534998779.instance_id": "",
                            "route.534998779.ipv6_cidr_block": "",
                            "route.534998779.nat_gateway_id": "",
                            "route.534998779.network_interface_id": "",
                            "route.534998779.vpc_peering_connection_id": "",
                            "tags.%": "1",
                            "tags.Name": "app-manvir-public",
                            "vpc_id": "vpc-006620943b9a1e62e"
                        },
                        "meta": {},
                        "tainted": false
                    },
                    "deposed": [],
                    "provider": "provider.aws"
                },
                "aws_route_table_association.app": {
                    "type": "aws_route_table_association",
                    "depends_on": [
                        "aws_route_table.app",
                        "aws_subnet.app"
                    ],
                    "primary": {
                        "id": "rtbassoc-0d152fd1c4916e546",
                        "attributes": {
                            "id": "rtbassoc-0d152fd1c4916e546",
                            "route_table_id": "rtb-0a843a3d32b09cbab",
                            "subnet_id": "subnet-0090465f89cb57264"
                        },
                        "meta": {},
                        "tainted": false
                    },
                    "deposed": [],
                    "provider": "provider.aws"
                },
                "aws_security_group.app": {
                    "type": "aws_security_group",
                    "depends_on": [],
                    "primary": {
                        "id": "sg-0e318942e6d2516e4",
                        "attributes": {
                            "arn": "arn:aws:ec2:eu-west-1:135928476890:security-group/sg-0e318942e6d2516e4",
                            "description": "app-manvir access",
                            "egress.#": "1",
                            "egress.482069346.cidr_blocks.#": "1",
                            "egress.482069346.cidr_blocks.0": "0.0.0.0/0",
                            "egress.482069346.description": "",
                            "egress.482069346.from_port": "0",
                            "egress.482069346.ipv6_cidr_blocks.#": "0",
                            "egress.482069346.prefix_list_ids.#": "0",
                            "egress.482069346.protocol": "-1",
                            "egress.482069346.security_groups.#": "0",
                            "egress.482069346.self": "false",
                            "egress.482069346.to_port": "0",
                            "id": "sg-0e318942e6d2516e4",
                            "ingress.#": "1",
                            "ingress.2214680975.cidr_blocks.#": "1",
                            "ingress.2214680975.cidr_blocks.0": "0.0.0.0/0",
                            "ingress.2214680975.description": "",
                            "ingress.2214680975.from_port": "80",
                            "ingress.2214680975.ipv6_cidr_blocks.#": "0",
                            "ingress.2214680975.protocol": "tcp",
                            "ingress.2214680975.security_groups.#": "0",
                            "ingress.2214680975.self": "false",
                            "ingress.2214680975.to_port": "80",
                            "name": "app-manvir",
                            "owner_id": "135928476890",
                            "revoke_rules_on_delete": "false",
                            "tags.%": "1",
                            "tags.Name": "app-manvir",
                            "vpc_id": "vpc-006620943b9a1e62e"
                        },
                        "meta": {
                            "e2bfb730-ecaa-11e6-8f88-34363bc7c4c0": {
                                "create": 600000000000,
                                "delete": 600000000000
                            },
                            "schema_version": "1"
                        },
                        "tainted": false
                    },
                    "deposed": [],
                    "provider": "provider.aws"
                },
                "aws_subnet.app": {
                    "type": "aws_subnet",
                    "depends_on": [],
                    "primary": {
                        "id": "subnet-0090465f89cb57264",
                        "attributes": {
                            "assign_ipv6_address_on_creation": "false",
                            "availability_zone": "eu-west-1a",
                            "cidr_block": "10.0.0.0/24",
                            "id": "subnet-0090465f89cb57264",
                            "map_public_ip_on_launch": "true",
                            "tags.%": "1",
                            "tags.Name": "app-manvir",
                            "vpc_id": "vpc-006620943b9a1e62e"
                        },
                        "meta": {
                            "schema_version": "1"
                        },
                        "tainted": false
                    },
                    "deposed": [],
                    "provider": "provider.aws"
                },
                "aws_vpc.app": {
                    "type": "aws_vpc",
                    "depends_on": [],
                    "primary": {
                        "id": "vpc-006620943b9a1e62e",
                        "attributes": {
                            "assign_generated_ipv6_cidr_block": "false",
                            "cidr_block": "10.0.0.0/16",
                            "default_network_acl_id": "acl-0668de7f8a7c015cc",
                            "default_route_table_id": "rtb-0b8ca4f0940dbde14",
                            "default_security_group_id": "sg-049d15b211352931f",
                            "dhcp_options_id": "dopt-18d5d77d",
                            "enable_classiclink": "false",
                            "enable_classiclink_dns_support": "false",
                            "enable_dns_hostnames": "false",
                            "enable_dns_support": "true",
                            "id": "vpc-006620943b9a1e62e",
                            "instance_tenancy": "default",
                            "main_route_table_id": "rtb-0b8ca4f0940dbde14",
                            "tags.%": "1",
                            "tags.Name": "app-manvir"
                        },
                        "meta": {
                            "schema_version": "1"
                        },
                        "tainted": false
                    },
                    "deposed": [],
                    "provider": "provider.aws"
                }
            },
            "depends_on": []
        },
        {
            "path": [
                "root",
                "db_tier"
            ],
            "outputs": {
                "db_ami": {
                    "sensitive": false,
                    "type": "string",
                    "value": "ami-01020378"
                },
                "vpc_id": {
                    "sensitive": false,
                    "type": "string",
                    "value": "vpc-011d408ca05f7a3d8"
                }
            },
            "resources": {
                "aws_network_acl.db": {
                    "type": "aws_network_acl",
                    "depends_on": [
                        "aws_subnet.db"
                    ],
                    "primary": {
                        "id": "acl-09a4b476d9f2a894b",
                        "attributes": {
                            "egress.#": "1",
                            "egress.301663870.action": "allow",
                            "egress.301663870.cidr_block": "10.0.1.0/24",
                            "egress.301663870.from_port": "1024",
                            "egress.301663870.icmp_code": "0",
                            "egress.301663870.icmp_type": "0",
                            "egress.301663870.ipv6_cidr_block": "",
                            "egress.301663870.protocol": "6",
                            "egress.301663870.rule_no": "120",
                            "egress.301663870.to_port": "65535",
                            "id": "acl-09a4b476d9f2a894b",
                            "ingress.#": "1",
                            "ingress.987794981.action": "allow",
                            "ingress.987794981.cidr_block": "10.0.1.0/24",
                            "ingress.987794981.from_port": "27017",
                            "ingress.987794981.icmp_code": "0",
                            "ingress.987794981.icmp_type": "0",
                            "ingress.987794981.ipv6_cidr_block": "",
                            "ingress.987794981.protocol": "6",
                            "ingress.987794981.rule_no": "100",
                            "ingress.987794981.to_port": "27017",
                            "subnet_ids.#": "1",
                            "subnet_ids.692936766": "subnet-08eac9a872ded862a",
                            "tags.%": "1",
                            "tags.Name": "db-manvir-db",
                            "vpc_id": "vpc-011d408ca05f7a3d8"
                        },
                        "meta": {},
                        "tainted": false
                    },
                    "deposed": [],
                    "provider": "provider.aws"
                },
                "aws_route_table.db": {
                    "type": "aws_route_table",
                    "depends_on": [],
                    "primary": {
                        "id": "rtb-02b6a4a41eda376df",
                        "attributes": {
                            "id": "rtb-02b6a4a41eda376df",
                            "propagating_vgws.#": "0",
                            "route.#": "0",
                            "tags.%": "1",
                            "tags.Name": "db-manvir-db-private",
                            "vpc_id": "vpc-011d408ca05f7a3d8"
                        },
                        "meta": {},
                        "tainted": false
                    },
                    "deposed": [],
                    "provider": "provider.aws"
                },
                "aws_route_table_association.db": {
                    "type": "aws_route_table_association",
                    "depends_on": [
                        "aws_route_table.db",
                        "aws_subnet.db"
                    ],
                    "primary": {
                        "id": "rtbassoc-0aa5875a7e4ce7d7b",
                        "attributes": {
                            "id": "rtbassoc-0aa5875a7e4ce7d7b",
                            "route_table_id": "rtb-02b6a4a41eda376df",
                            "subnet_id": "subnet-08eac9a872ded862a"
                        },
                        "meta": {},
                        "tainted": false
                    },
                    "deposed": [],
                    "provider": "provider.aws"
                },
                "aws_security_group.db": {
                    "type": "aws_security_group",
                    "depends_on": [],
                    "primary": {
                        "id": "sg-06f8e8676177ee2bd",
                        "attributes": {
                            "arn": "arn:aws:ec2:eu-west-1:135928476890:security-group/sg-06f8e8676177ee2bd",
                            "description": "db-manvir db access",
                            "egress.#": "1",
                            "egress.482069346.cidr_blocks.#": "1",
                            "egress.482069346.cidr_blocks.0": "0.0.0.0/0",
                            "egress.482069346.description": "",
                            "egress.482069346.from_port": "0",
                            "egress.482069346.ipv6_cidr_blocks.#": "0",
                            "egress.482069346.prefix_list_ids.#": "0",
                            "egress.482069346.protocol": "-1",
                            "egress.482069346.security_groups.#": "0",
                            "egress.482069346.self": "false",
                            "egress.482069346.to_port": "0",
                            "id": "sg-06f8e8676177ee2bd",
                            "ingress.#": "1",
                            "ingress.456848744.cidr_blocks.#": "0",
                            "ingress.456848744.description": "",
                            "ingress.456848744.from_port": "27017",
                            "ingress.456848744.ipv6_cidr_blocks.#": "0",
                            "ingress.456848744.protocol": "tcp",
                            "ingress.456848744.security_groups.#": "1",
                            "ingress.456848744.security_groups.181677285": "sg-0e318942e6d2516e4",
                            "ingress.456848744.self": "false",
                            "ingress.456848744.to_port": "27017",
                            "name": "db-manvir-db",
                            "owner_id": "135928476890",
                            "revoke_rules_on_delete": "false",
                            "tags.%": "1",
                            "tags.Name": "db-manvir-db",
                            "vpc_id": "vpc-011d408ca05f7a3d8"
                        },
                        "meta": {
                            "e2bfb730-ecaa-11e6-8f88-34363bc7c4c0": {
                                "create": 600000000000,
                                "delete": 600000000000
                            },
                            "schema_version": "1"
                        },
                        "tainted": false
                    },
                    "deposed": [],
                    "provider": "provider.aws"
                },
                "aws_subnet.db": {
                    "type": "aws_subnet",
                    "depends_on": [],
                    "primary": {
                        "id": "subnet-08eac9a872ded862a",
                        "attributes": {
                            "assign_ipv6_address_on_creation": "false",
                            "availability_zone": "eu-west-1a",
                            "cidr_block": "10.0.1.0/24",
                            "id": "subnet-08eac9a872ded862a",
                            "map_public_ip_on_launch": "false",
                            "tags.%": "1",
                            "tags.Name": "db-manvir-db",
                            "vpc_id": "vpc-011d408ca05f7a3d8"
                        },
                        "meta": {
                            "schema_version": "1"
                        },
                        "tainted": false
                    },
                    "deposed": [],
                    "provider": "provider.aws"
                },
                "aws_vpc.db": {
                    "type": "aws_vpc",
                    "depends_on": [],
                    "primary": {
                        "id": "vpc-011d408ca05f7a3d8",
                        "attributes": {
                            "assign_generated_ipv6_cidr_block": "false",
                            "cidr_block": "10.0.0.0/16",
                            "default_network_acl_id": "acl-043db0afeb2efba4b",
                            "default_route_table_id": "rtb-099478470304ce1ec",
                            "default_security_group_id": "sg-0dc27df73e7827a5f",
                            "dhcp_options_id": "dopt-18d5d77d",
                            "enable_classiclink": "false",
                            "enable_classiclink_dns_support": "false",
                            "enable_dns_hostnames": "false",
                            "enable_dns_support": "true",
                            "id": "vpc-011d408ca05f7a3d8",
                            "instance_tenancy": "default",
                            "main_route_table_id": "rtb-099478470304ce1ec",
                            "tags.%": "1",
                            "tags.Name": "db-manvir"
                        },
                        "meta": {
                            "schema_version": "1"
                        },
                        "tainted": false
                    },
                    "deposed": [],
                    "provider": "provider.aws"
                }
            },
            "depends_on": []
        }
    ]
}
