{
    "version": 3,
    "terraform_version": "0.11.7",
    "serial": 20,
    "lineage": "4bc52d10-113c-2b1a-0e15-6de95397b9b5",
    "modules": [
        {
            "path": [
                "root"
            ],
            "outputs": {},
            "resources": {
                "aws_elb.Manvir_elb": {
                    "type": "aws_elb",
                    "depends_on": [
                        "aws_security_group.elb",
                        "module.app_tier"
                    ],
                    "primary": {
                        "id": "manvir-terraform-elb",
                        "attributes": {
                            "access_logs.#": "0",
                            "arn": "arn:aws:elasticloadbalancing:eu-west-1:135928476890:loadbalancer/manvir-terraform-elb",
                            "availability_zones.#": "1",
                            "availability_zones.3953592328": "eu-west-1a",
                            "connection_draining": "true",
                            "connection_draining_timeout": "400",
                            "cross_zone_load_balancing": "true",
                            "dns_name": "manvir-terraform-elb-1676531663.eu-west-1.elb.amazonaws.com",
                            "health_check.#": "1",
                            "health_check.0.healthy_threshold": "2",
                            "health_check.0.interval": "30",
                            "health_check.0.target": "HTTP:80/",
                            "health_check.0.timeout": "3",
                            "health_check.0.unhealthy_threshold": "2",
                            "id": "manvir-terraform-elb",
                            "idle_timeout": "400",
                            "instances.#": "1",
                            "instances.4157041048": "i-0172904dd6a4c243a",
                            "internal": "false",
                            "listener.#": "1",
                            "listener.3057123346.instance_port": "80",
                            "listener.3057123346.instance_protocol": "http",
                            "listener.3057123346.lb_port": "80",
                            "listener.3057123346.lb_protocol": "http",
                            "listener.3057123346.ssl_certificate_id": "",
                            "name": "manvir-terraform-elb",
                            "security_groups.#": "1",
                            "security_groups.2502166159": "sg-037034924ca59e08e",
                            "source_security_group": "135928476890/manvir",
                            "source_security_group_id": "sg-037034924ca59e08e",
                            "subnets.#": "1",
                            "subnets.2075195789": "subnet-0a0d9125d5cd2a18c",
                            "tags.%": "1",
                            "tags.Name": "manvir-terraform-elb",
                            "zone_id": "Z32O12XQLNTSW2"
                        },
                        "meta": {},
                        "tainted": false
                    },
                    "deposed": [],
                    "provider": "provider.aws"
                },
                "aws_route53_record.www": {
                    "type": "aws_route53_record",
                    "depends_on": [
                        "aws_elb.Manvir_elb"
                    ],
                    "primary": {
                        "id": "Z3CCIZELFLJ3SC_manvir.spartaglobal.education_CNAME",
                        "attributes": {
                            "allow_overwrite": "true",
                            "fqdn": "manvir.spartaglobal.education",
                            "health_check_id": "",
                            "id": "Z3CCIZELFLJ3SC_manvir.spartaglobal.education_CNAME",
                            "name": "manvir.spartaglobal.education",
                            "records.#": "1",
                            "records.3482314545": "manvir-terraform-elb-1676531663.eu-west-1.elb.amazonaws.com",
                            "set_identifier": "",
                            "ttl": "300",
                            "type": "CNAME",
                            "zone_id": "Z3CCIZELFLJ3SC"
                        },
                        "meta": {
                            "schema_version": "2"
                        },
                        "tainted": false
                    },
                    "deposed": [],
                    "provider": "provider.aws"
                },
                "aws_security_group.elb": {
                    "type": "aws_security_group",
                    "depends_on": [
                        "aws_vpc.main"
                    ],
                    "primary": {
                        "id": "sg-037034924ca59e08e",
                        "attributes": {
                            "arn": "arn:aws:ec2:eu-west-1:135928476890:security-group/sg-037034924ca59e08e",
                            "description": "manvir access",
                            "egress.#": "1",
                            "egress.482069346.cidr_blocks.#": "1",
                            "egress.482069346.cidr_blocks.0": "0.0.0.0/0",
                            "egress.482069346.description": "",
                            "egress.482069346.from_port": "0",
                            "egress.482069346.ipv6_cidr_blocks.#": "0",
                            "egress.482069346.prefix_list_ids.#": "0",
                            "egress.482069346.protocol": "-1",
                            "egress.482069346.security_groups.#": "0",
                            "egress.482069346.self": "false",
                            "egress.482069346.to_port": "0",
                            "id": "sg-037034924ca59e08e",
                            "ingress.#": "1",
                            "ingress.2214680975.cidr_blocks.#": "1",
                            "ingress.2214680975.cidr_blocks.0": "0.0.0.0/0",
                            "ingress.2214680975.description": "",
                            "ingress.2214680975.from_port": "80",
                            "ingress.2214680975.ipv6_cidr_blocks.#": "0",
                            "ingress.2214680975.protocol": "tcp",
                            "ingress.2214680975.security_groups.#": "0",
                            "ingress.2214680975.self": "false",
                            "ingress.2214680975.to_port": "80",
                            "name": "manvir",
                            "owner_id": "135928476890",
                            "revoke_rules_on_delete": "false",
                            "tags.%": "1",
                            "tags.Name": "manvir",
                            "vpc_id": "vpc-0118fcf7aa1438638"
                        },
                        "meta": {
                            "e2bfb730-ecaa-11e6-8f88-34363bc7c4c0": {
                                "create": 600000000000,
                                "delete": 600000000000
                            },
                            "schema_version": "1"
                        },
                        "tainted": false
                    },
                    "deposed": [],
                    "provider": "provider.aws"
                },
                "aws_vpc.main": {
                    "type": "aws_vpc",
                    "depends_on": [],
                    "primary": {
                        "id": "vpc-0118fcf7aa1438638",
                        "attributes": {
                            "assign_generated_ipv6_cidr_block": "false",
                            "cidr_block": "10.0.0.0/16",
                            "default_network_acl_id": "acl-09bc86795df337bd4",
                            "default_route_table_id": "rtb-044c029cc877e146a",
                            "default_security_group_id": "sg-0381503f6fa3314bd",
                            "dhcp_options_id": "dopt-18d5d77d",
                            "enable_classiclink": "false",
                            "enable_classiclink_dns_support": "false",
                            "enable_dns_hostnames": "false",
                            "enable_dns_support": "true",
                            "id": "vpc-0118fcf7aa1438638",
                            "instance_tenancy": "default",
                            "main_route_table_id": "rtb-044c029cc877e146a",
                            "tags.%": "1",
                            "tags.Name": "Manvir-main"
                        },
                        "meta": {
                            "schema_version": "1"
                        },
                        "tainted": false
                    },
                    "deposed": [],
                    "provider": "provider.aws"
                }
            },
            "depends_on": []
        },
        {
            "path": [
                "root",
                "app_tier"
            ],
            "outputs": {
                "app_ami": {
                    "sensitive": false,
                    "type": "string",
                    "value": "ami-c2b8bfbb"
                },
                "app_id": {
                    "sensitive": false,
                    "type": "string",
                    "value": "i-0172904dd6a4c243a"
                },
                "app_sec": {
                    "sensitive": false,
                    "type": "string",
                    "value": "sg-07b400aa3b0007d80"
                },
                "app_subnet": {
                    "sensitive": false,
                    "type": "string",
                    "value": "subnet-0a0d9125d5cd2a18c"
                }
            },
            "resources": {
                "aws_instance.app": {
                    "type": "aws_instance",
                    "depends_on": [
                        "aws_security_group.app",
                        "aws_subnet.app",
                        "data.template_file.app_init"
                    ],
                    "primary": {
                        "id": "i-0172904dd6a4c243a",
                        "attributes": {
                            "ami": "ami-c2b8bfbb",
                            "associate_public_ip_address": "true",
                            "availability_zone": "eu-west-1a",
                            "credit_specification.#": "1",
                            "credit_specification.0.cpu_credits": "standard",
                            "disable_api_termination": "false",
                            "ebs_block_device.#": "0",
                            "ebs_optimized": "false",
                            "ephemeral_block_device.#": "0",
                            "get_password_data": "false",
                            "iam_instance_profile": "",
                            "id": "i-0172904dd6a4c243a",
                            "instance_state": "running",
                            "instance_type": "t2.micro",
                            "ipv6_addresses.#": "0",
                            "key_name": "",
                            "monitoring": "false",
                            "network_interface.#": "0",
                            "network_interface_id": "eni-05aba2bf96001e0b7",
                            "password_data": "",
                            "placement_group": "",
                            "primary_network_interface_id": "eni-05aba2bf96001e0b7",
                            "private_dns": "ip-10-0-0-154.eu-west-1.compute.internal",
                            "private_ip": "10.0.0.154",
                            "public_dns": "",
                            "public_ip": "34.240.15.165",
                            "root_block_device.#": "1",
                            "root_block_device.0.delete_on_termination": "true",
                            "root_block_device.0.iops": "100",
                            "root_block_device.0.volume_id": "vol-0cf21317b72526d78",
                            "root_block_device.0.volume_size": "8",
                            "root_block_device.0.volume_type": "gp2",
                            "security_groups.#": "0",
                            "source_dest_check": "true",
                            "subnet_id": "subnet-0a0d9125d5cd2a18c",
                            "tags.%": "1",
                            "tags.Name": "app-manvir",
                            "tenancy": "default",
                            "user_data": "9cd1b6053aacbf7f45cee320375607ddcfc85981",
                            "volume_tags.%": "0",
                            "vpc_security_group_ids.#": "1",
                            "vpc_security_group_ids.2855358873": "sg-07b400aa3b0007d80"
                        },
                        "meta": {
                            "e2bfb730-ecaa-11e6-8f88-34363bc7c4c0": {
                                "create": 600000000000,
                                "delete": 1200000000000,
                                "update": 600000000000
                            },
                            "schema_version": "1"
                        },
                        "tainted": false
                    },
                    "deposed": [],
                    "provider": "provider.aws"
                },
                "aws_internet_gateway.app": {
                    "type": "aws_internet_gateway",
                    "depends_on": [],
                    "primary": {
                        "id": "igw-05247fda5395e1c0c",
                        "attributes": {
                            "id": "igw-05247fda5395e1c0c",
                            "tags.%": "1",
                            "tags.Name": "app-manvir",
                            "vpc_id": "vpc-0118fcf7aa1438638"
                        },
                        "meta": {},
                        "tainted": false
                    },
                    "deposed": [],
                    "provider": "provider.aws"
                },
                "aws_network_acl.app": {
                    "type": "aws_network_acl",
                    "depends_on": [
                        "aws_subnet.app"
                    ],
                    "primary": {
                        "id": "acl-0c73433c865901350",
                        "attributes": {
                            "egress.#": "2",
                            "egress.2654803892.action": "allow",
                            "egress.2654803892.cidr_block": "0.0.0.0/0",
                            "egress.2654803892.from_port": "80",
                            "egress.2654803892.icmp_code": "0",
                            "egress.2654803892.icmp_type": "0",
                            "egress.2654803892.ipv6_cidr_block": "",
                            "egress.2654803892.protocol": "6",
                            "egress.2654803892.rule_no": "100",
                            "egress.2654803892.to_port": "80",
                            "egress.2681174233.action": "allow",
                            "egress.2681174233.cidr_block": "0.0.0.0/0",
                            "egress.2681174233.from_port": "1024",
                            "egress.2681174233.icmp_code": "0",
                            "egress.2681174233.icmp_type": "0",
                            "egress.2681174233.ipv6_cidr_block": "",
                            "egress.2681174233.protocol": "6",
                            "egress.2681174233.rule_no": "120",
                            "egress.2681174233.to_port": "65535",
                            "id": "acl-0c73433c865901350",
                            "ingress.#": "2",
                            "ingress.2654803892.action": "allow",
                            "ingress.2654803892.cidr_block": "0.0.0.0/0",
                            "ingress.2654803892.from_port": "80",
                            "ingress.2654803892.icmp_code": "0",
                            "ingress.2654803892.icmp_type": "0",
                            "ingress.2654803892.ipv6_cidr_block": "",
                            "ingress.2654803892.protocol": "6",
                            "ingress.2654803892.rule_no": "100",
                            "ingress.2654803892.to_port": "80",
                            "ingress.2681174233.action": "allow",
                            "ingress.2681174233.cidr_block": "0.0.0.0/0",
                            "ingress.2681174233.from_port": "1024",
                            "ingress.2681174233.icmp_code": "0",
                            "ingress.2681174233.icmp_type": "0",
                            "ingress.2681174233.ipv6_cidr_block": "",
                            "ingress.2681174233.protocol": "6",
                            "ingress.2681174233.rule_no": "120",
                            "ingress.2681174233.to_port": "65535",
                            "subnet_ids.#": "1",
                            "subnet_ids.2075195789": "subnet-0a0d9125d5cd2a18c",
                            "tags.%": "1",
                            "tags.Name": "app-manvir",
                            "vpc_id": "vpc-0118fcf7aa1438638"
                        },
                        "meta": {},
                        "tainted": false
                    },
                    "deposed": [],
                    "provider": "provider.aws"
                },
                "aws_route_table.app": {
                    "type": "aws_route_table",
                    "depends_on": [
                        "aws_internet_gateway.app"
                    ],
                    "primary": {
                        "id": "rtb-00561be381502c9a6",
                        "attributes": {
                            "id": "rtb-00561be381502c9a6",
                            "propagating_vgws.#": "0",
                            "route.#": "1",
                            "route.4179434273.cidr_block": "0.0.0.0/0",
                            "route.4179434273.egress_only_gateway_id": "",
                            "route.4179434273.gateway_id": "igw-05247fda5395e1c0c",
                            "route.4179434273.instance_id": "",
                            "route.4179434273.ipv6_cidr_block": "",
                            "route.4179434273.nat_gateway_id": "",
                            "route.4179434273.network_interface_id": "",
                            "route.4179434273.vpc_peering_connection_id": "",
                            "tags.%": "1",
                            "tags.Name": "app-manvir-public",
                            "vpc_id": "vpc-0118fcf7aa1438638"
                        },
                        "meta": {},
                        "tainted": false
                    },
                    "deposed": [],
                    "provider": "provider.aws"
                },
                "aws_route_table_association.app": {
                    "type": "aws_route_table_association",
                    "depends_on": [
                        "aws_route_table.app",
                        "aws_subnet.app"
                    ],
                    "primary": {
                        "id": "rtbassoc-0f2c2de66247324e1",
                        "attributes": {
                            "id": "rtbassoc-0f2c2de66247324e1",
                            "route_table_id": "rtb-00561be381502c9a6",
                            "subnet_id": "subnet-0a0d9125d5cd2a18c"
                        },
                        "meta": {},
                        "tainted": false
                    },
                    "deposed": [],
                    "provider": "provider.aws"
                },
                "aws_security_group.app": {
                    "type": "aws_security_group",
                    "depends_on": [],
                    "primary": {
                        "id": "sg-07b400aa3b0007d80",
                        "attributes": {
                            "arn": "arn:aws:ec2:eu-west-1:135928476890:security-group/sg-07b400aa3b0007d80",
                            "description": "app-manvir access",
                            "egress.#": "1",
                            "egress.482069346.cidr_blocks.#": "1",
                            "egress.482069346.cidr_blocks.0": "0.0.0.0/0",
                            "egress.482069346.description": "",
                            "egress.482069346.from_port": "0",
                            "egress.482069346.ipv6_cidr_blocks.#": "0",
                            "egress.482069346.prefix_list_ids.#": "0",
                            "egress.482069346.protocol": "-1",
                            "egress.482069346.security_groups.#": "0",
                            "egress.482069346.self": "false",
                            "egress.482069346.to_port": "0",
                            "id": "sg-07b400aa3b0007d80",
                            "ingress.#": "1",
                            "ingress.3617864184.cidr_blocks.#": "0",
                            "ingress.3617864184.description": "",
                            "ingress.3617864184.from_port": "80",
                            "ingress.3617864184.ipv6_cidr_blocks.#": "0",
                            "ingress.3617864184.protocol": "tcp",
                            "ingress.3617864184.security_groups.#": "1",
                            "ingress.3617864184.security_groups.2502166159": "sg-037034924ca59e08e",
                            "ingress.3617864184.self": "false",
                            "ingress.3617864184.to_port": "80",
                            "name": "app-manvir",
                            "owner_id": "135928476890",
                            "revoke_rules_on_delete": "false",
                            "tags.%": "1",
                            "tags.Name": "app-manvir",
                            "vpc_id": "vpc-0118fcf7aa1438638"
                        },
                        "meta": {
                            "e2bfb730-ecaa-11e6-8f88-34363bc7c4c0": {
                                "create": 600000000000,
                                "delete": 600000000000
                            },
                            "schema_version": "1"
                        },
                        "tainted": false
                    },
                    "deposed": [],
                    "provider": "provider.aws"
                },
                "aws_subnet.app": {
                    "type": "aws_subnet",
                    "depends_on": [],
                    "primary": {
                        "id": "subnet-0a0d9125d5cd2a18c",
                        "attributes": {
                            "assign_ipv6_address_on_creation": "false",
                            "availability_zone": "eu-west-1a",
                            "cidr_block": "10.0.0.0/24",
                            "id": "subnet-0a0d9125d5cd2a18c",
                            "map_public_ip_on_launch": "true",
                            "tags.%": "1",
                            "tags.Name": "app-manvir",
                            "vpc_id": "vpc-0118fcf7aa1438638"
                        },
                        "meta": {
                            "schema_version": "1"
                        },
                        "tainted": false
                    },
                    "deposed": [],
                    "provider": "provider.aws"
                },
                "data.template_file.app_init": {
                    "type": "template_file",
                    "depends_on": [],
                    "primary": {
                        "id": "c14507a300a3327c4607c71f700690ed44b4cb64fc2bad30c9d7e1c1f1fbdf4d",
                        "attributes": {
                            "id": "c14507a300a3327c4607c71f700690ed44b4cb64fc2bad30c9d7e1c1f1fbdf4d",
                            "rendered": "#!/bin/bash\n\ncd /home/ubuntu/app\nexport DB_HOST=mongodb://10.0.1.239:27017/posts\npm2 start app.js",
                            "template": "#!/bin/bash\n\ncd /home/ubuntu/app\nexport DB_HOST=${db_host}\npm2 start app.js",
                            "vars.%": "1",
                            "vars.db_host": "mongodb://10.0.1.239:27017/posts"
                        },
                        "meta": {},
                        "tainted": false
                    },
                    "deposed": [],
                    "provider": "provider.template"
                }
            },
            "depends_on": []
        },
        {
            "path": [
                "root",
                "db_tier"
            ],
            "outputs": {
                "db_ami": {
                    "sensitive": false,
                    "type": "string",
                    "value": "ami-01020378"
                },
                "db_privateip": {
                    "sensitive": false,
                    "type": "string",
                    "value": "10.0.1.239"
                }
            },
            "resources": {
                "aws_instance.db": {
                    "type": "aws_instance",
                    "depends_on": [
                        "aws_security_group.db",
                        "aws_subnet.db"
                    ],
                    "primary": {
                        "id": "i-0656d5a9e058db8fd",
                        "attributes": {
                            "ami": "ami-01020378",
                            "associate_public_ip_address": "false",
                            "availability_zone": "eu-west-1a",
                            "credit_specification.#": "1",
                            "credit_specification.0.cpu_credits": "standard",
                            "disable_api_termination": "false",
                            "ebs_block_device.#": "0",
                            "ebs_optimized": "false",
                            "ephemeral_block_device.#": "0",
                            "get_password_data": "false",
                            "iam_instance_profile": "",
                            "id": "i-0656d5a9e058db8fd",
                            "instance_state": "running",
                            "instance_type": "t2.micro",
                            "ipv6_addresses.#": "0",
                            "key_name": "",
                            "monitoring": "false",
                            "network_interface.#": "0",
                            "network_interface_id": "eni-068d6f0e1b52c9b01",
                            "password_data": "",
                            "placement_group": "",
                            "primary_network_interface_id": "eni-068d6f0e1b52c9b01",
                            "private_dns": "ip-10-0-1-239.eu-west-1.compute.internal",
                            "private_ip": "10.0.1.239",
                            "public_dns": "",
                            "public_ip": "",
                            "root_block_device.#": "1",
                            "root_block_device.0.delete_on_termination": "true",
                            "root_block_device.0.iops": "100",
                            "root_block_device.0.volume_id": "vol-0692a3e0faf731c9d",
                            "root_block_device.0.volume_size": "8",
                            "root_block_device.0.volume_type": "gp2",
                            "security_groups.#": "0",
                            "source_dest_check": "true",
                            "subnet_id": "subnet-05d43804080f7ad8c",
                            "tags.%": "1",
                            "tags.Name": "db-manvir-db",
                            "tenancy": "default",
                            "volume_tags.%": "0",
                            "vpc_security_group_ids.#": "1",
                            "vpc_security_group_ids.923397065": "sg-0eb1fc08c0153f825"
                        },
                        "meta": {
                            "e2bfb730-ecaa-11e6-8f88-34363bc7c4c0": {
                                "create": 600000000000,
                                "delete": 1200000000000,
                                "update": 600000000000
                            },
                            "schema_version": "1"
                        },
                        "tainted": false
                    },
                    "deposed": [],
                    "provider": "provider.aws"
                },
                "aws_network_acl.db": {
                    "type": "aws_network_acl",
                    "depends_on": [
                        "aws_subnet.db"
                    ],
                    "primary": {
                        "id": "acl-0af4e441e374b22ea",
                        "attributes": {
                            "egress.#": "1",
                            "egress.301663870.action": "allow",
                            "egress.301663870.cidr_block": "10.0.1.0/24",
                            "egress.301663870.from_port": "1024",
                            "egress.301663870.icmp_code": "0",
                            "egress.301663870.icmp_type": "0",
                            "egress.301663870.ipv6_cidr_block": "",
                            "egress.301663870.protocol": "6",
                            "egress.301663870.rule_no": "120",
                            "egress.301663870.to_port": "65535",
                            "id": "acl-0af4e441e374b22ea",
                            "ingress.#": "1",
                            "ingress.987794981.action": "allow",
                            "ingress.987794981.cidr_block": "10.0.1.0/24",
                            "ingress.987794981.from_port": "27017",
                            "ingress.987794981.icmp_code": "0",
                            "ingress.987794981.icmp_type": "0",
                            "ingress.987794981.ipv6_cidr_block": "",
                            "ingress.987794981.protocol": "6",
                            "ingress.987794981.rule_no": "100",
                            "ingress.987794981.to_port": "27017",
                            "subnet_ids.#": "1",
                            "subnet_ids.498568523": "subnet-05d43804080f7ad8c",
                            "tags.%": "1",
                            "tags.Name": "db-manvir-db",
                            "vpc_id": "vpc-0118fcf7aa1438638"
                        },
                        "meta": {},
                        "tainted": false
                    },
                    "deposed": [],
                    "provider": "provider.aws"
                },
                "aws_route_table.db": {
                    "type": "aws_route_table",
                    "depends_on": [],
                    "primary": {
                        "id": "rtb-0a41c3d5a69ff7274",
                        "attributes": {
                            "id": "rtb-0a41c3d5a69ff7274",
                            "propagating_vgws.#": "0",
                            "route.#": "0",
                            "tags.%": "1",
                            "tags.Name": "db-manvir-db-private",
                            "vpc_id": "vpc-0118fcf7aa1438638"
                        },
                        "meta": {},
                        "tainted": false
                    },
                    "deposed": [],
                    "provider": "provider.aws"
                },
                "aws_route_table_association.db": {
                    "type": "aws_route_table_association",
                    "depends_on": [
                        "aws_route_table.db",
                        "aws_subnet.db"
                    ],
                    "primary": {
                        "id": "rtbassoc-0d3e0f1dc95e2a3c2",
                        "attributes": {
                            "id": "rtbassoc-0d3e0f1dc95e2a3c2",
                            "route_table_id": "rtb-0a41c3d5a69ff7274",
                            "subnet_id": "subnet-05d43804080f7ad8c"
                        },
                        "meta": {},
                        "tainted": false
                    },
                    "deposed": [],
                    "provider": "provider.aws"
                },
                "aws_security_group.db": {
                    "type": "aws_security_group",
                    "depends_on": [],
                    "primary": {
                        "id": "sg-0eb1fc08c0153f825",
                        "attributes": {
                            "arn": "arn:aws:ec2:eu-west-1:135928476890:security-group/sg-0eb1fc08c0153f825",
                            "description": "db-manvir db access",
                            "egress.#": "1",
                            "egress.482069346.cidr_blocks.#": "1",
                            "egress.482069346.cidr_blocks.0": "0.0.0.0/0",
                            "egress.482069346.description": "",
                            "egress.482069346.from_port": "0",
                            "egress.482069346.ipv6_cidr_blocks.#": "0",
                            "egress.482069346.prefix_list_ids.#": "0",
                            "egress.482069346.protocol": "-1",
                            "egress.482069346.security_groups.#": "0",
                            "egress.482069346.self": "false",
                            "egress.482069346.to_port": "0",
                            "id": "sg-0eb1fc08c0153f825",
                            "ingress.#": "1",
                            "ingress.1109994754.cidr_blocks.#": "0",
                            "ingress.1109994754.description": "",
                            "ingress.1109994754.from_port": "27017",
                            "ingress.1109994754.ipv6_cidr_blocks.#": "0",
                            "ingress.1109994754.protocol": "tcp",
                            "ingress.1109994754.security_groups.#": "1",
                            "ingress.1109994754.security_groups.2855358873": "sg-07b400aa3b0007d80",
                            "ingress.1109994754.self": "false",
                            "ingress.1109994754.to_port": "27017",
                            "name": "db-manvir-db",
                            "owner_id": "135928476890",
                            "revoke_rules_on_delete": "false",
                            "tags.%": "1",
                            "tags.Name": "db-manvir-db",
                            "vpc_id": "vpc-0118fcf7aa1438638"
                        },
                        "meta": {
                            "e2bfb730-ecaa-11e6-8f88-34363bc7c4c0": {
                                "create": 600000000000,
                                "delete": 600000000000
                            },
                            "schema_version": "1"
                        },
                        "tainted": false
                    },
                    "deposed": [],
                    "provider": "provider.aws"
                },
                "aws_subnet.db": {
                    "type": "aws_subnet",
                    "depends_on": [],
                    "primary": {
                        "id": "subnet-05d43804080f7ad8c",
                        "attributes": {
                            "assign_ipv6_address_on_creation": "false",
                            "availability_zone": "eu-west-1a",
                            "cidr_block": "10.0.1.0/24",
                            "id": "subnet-05d43804080f7ad8c",
                            "map_public_ip_on_launch": "false",
                            "tags.%": "1",
                            "tags.Name": "db-manvir-db",
                            "vpc_id": "vpc-0118fcf7aa1438638"
                        },
                        "meta": {
                            "schema_version": "1"
                        },
                        "tainted": false
                    },
                    "deposed": [],
                    "provider": "provider.aws"
                }
            },
            "depends_on": []
        }
    ]
}
