{
    "version": 3,
    "terraform_version": "0.11.7",
    "serial": 3,
    "lineage": "4bc52d10-113c-2b1a-0e15-6de95397b9b5",
    "modules": [
        {
            "path": [
                "root"
            ],
            "outputs": {},
            "resources": {},
            "depends_on": []
        },
        {
            "path": [
                "root",
                "app_tier"
            ],
            "outputs": {
                "app_ami": {
                    "sensitive": false,
                    "type": "string",
                    "value": "ami-c2b8bfbb"
                },
                "app_sec": {
                    "sensitive": false,
                    "type": "string",
                    "value": "sg-0805ca1d2a47b8b0e"
                },
                "vpc_id": {
                    "sensitive": false,
                    "type": "string",
                    "value": "vpc-04ccb012d16b2c8cd"
                }
            },
            "resources": {
                "aws_internet_gateway.app": {
                    "type": "aws_internet_gateway",
                    "depends_on": [],
                    "primary": {
                        "id": "igw-01f4e39877c7f7182",
                        "attributes": {
                            "id": "igw-01f4e39877c7f7182",
                            "tags.%": "1",
                            "tags.Name": "app-manvir",
                            "vpc_id": "vpc-04ccb012d16b2c8cd"
                        },
                        "meta": {},
                        "tainted": false
                    },
                    "deposed": [],
                    "provider": "provider.aws"
                },
                "aws_network_acl.app": {
                    "type": "aws_network_acl",
                    "depends_on": [
                        "aws_subnet.app"
                    ],
                    "primary": {
                        "id": "acl-089a48c33d9e09ebd",
                        "attributes": {
                            "egress.#": "2",
                            "egress.2654803892.action": "allow",
                            "egress.2654803892.cidr_block": "0.0.0.0/0",
                            "egress.2654803892.from_port": "80",
                            "egress.2654803892.icmp_code": "0",
                            "egress.2654803892.icmp_type": "0",
                            "egress.2654803892.ipv6_cidr_block": "",
                            "egress.2654803892.protocol": "6",
                            "egress.2654803892.rule_no": "100",
                            "egress.2654803892.to_port": "80",
                            "egress.2681174233.action": "allow",
                            "egress.2681174233.cidr_block": "0.0.0.0/0",
                            "egress.2681174233.from_port": "1024",
                            "egress.2681174233.icmp_code": "0",
                            "egress.2681174233.icmp_type": "0",
                            "egress.2681174233.ipv6_cidr_block": "",
                            "egress.2681174233.protocol": "6",
                            "egress.2681174233.rule_no": "120",
                            "egress.2681174233.to_port": "65535",
                            "id": "acl-089a48c33d9e09ebd",
                            "ingress.#": "2",
                            "ingress.2654803892.action": "allow",
                            "ingress.2654803892.cidr_block": "0.0.0.0/0",
                            "ingress.2654803892.from_port": "80",
                            "ingress.2654803892.icmp_code": "0",
                            "ingress.2654803892.icmp_type": "0",
                            "ingress.2654803892.ipv6_cidr_block": "",
                            "ingress.2654803892.protocol": "6",
                            "ingress.2654803892.rule_no": "100",
                            "ingress.2654803892.to_port": "80",
                            "ingress.2681174233.action": "allow",
                            "ingress.2681174233.cidr_block": "0.0.0.0/0",
                            "ingress.2681174233.from_port": "1024",
                            "ingress.2681174233.icmp_code": "0",
                            "ingress.2681174233.icmp_type": "0",
                            "ingress.2681174233.ipv6_cidr_block": "",
                            "ingress.2681174233.protocol": "6",
                            "ingress.2681174233.rule_no": "120",
                            "ingress.2681174233.to_port": "65535",
                            "subnet_ids.#": "1",
                            "subnet_ids.2180975870": "subnet-04c78ceb7f4243943",
                            "tags.%": "1",
                            "tags.Name": "app-manvir",
                            "vpc_id": "vpc-04ccb012d16b2c8cd"
                        },
                        "meta": {},
                        "tainted": false
                    },
                    "deposed": [],
                    "provider": "provider.aws"
                },
                "aws_route_table.app": {
                    "type": "aws_route_table",
                    "depends_on": [
                        "aws_internet_gateway.app"
                    ],
                    "primary": {
                        "id": "rtb-0fca0414b3489c55d",
                        "attributes": {
                            "id": "rtb-0fca0414b3489c55d",
                            "propagating_vgws.#": "0",
                            "route.#": "1",
                            "route.4013597096.cidr_block": "0.0.0.0/0",
                            "route.4013597096.egress_only_gateway_id": "",
                            "route.4013597096.gateway_id": "igw-01f4e39877c7f7182",
                            "route.4013597096.instance_id": "",
                            "route.4013597096.ipv6_cidr_block": "",
                            "route.4013597096.nat_gateway_id": "",
                            "route.4013597096.network_interface_id": "",
                            "route.4013597096.vpc_peering_connection_id": "",
                            "tags.%": "1",
                            "tags.Name": "app-manvir-public",
                            "vpc_id": "vpc-04ccb012d16b2c8cd"
                        },
                        "meta": {},
                        "tainted": false
                    },
                    "deposed": [],
                    "provider": "provider.aws"
                },
                "aws_route_table_association.app": {
                    "type": "aws_route_table_association",
                    "depends_on": [
                        "aws_route_table.app",
                        "aws_subnet.app"
                    ],
                    "primary": {
                        "id": "rtbassoc-0439a52fe0d95850d",
                        "attributes": {
                            "id": "rtbassoc-0439a52fe0d95850d",
                            "route_table_id": "rtb-0fca0414b3489c55d",
                            "subnet_id": "subnet-04c78ceb7f4243943"
                        },
                        "meta": {},
                        "tainted": false
                    },
                    "deposed": [],
                    "provider": "provider.aws"
                },
                "aws_security_group.app": {
                    "type": "aws_security_group",
                    "depends_on": [],
                    "primary": {
                        "id": "sg-0805ca1d2a47b8b0e",
                        "attributes": {
                            "arn": "arn:aws:ec2:eu-west-1:135928476890:security-group/sg-0805ca1d2a47b8b0e",
                            "description": "app-manvir access",
                            "egress.#": "1",
                            "egress.482069346.cidr_blocks.#": "1",
                            "egress.482069346.cidr_blocks.0": "0.0.0.0/0",
                            "egress.482069346.description": "",
                            "egress.482069346.from_port": "0",
                            "egress.482069346.ipv6_cidr_blocks.#": "0",
                            "egress.482069346.prefix_list_ids.#": "0",
                            "egress.482069346.protocol": "-1",
                            "egress.482069346.security_groups.#": "0",
                            "egress.482069346.self": "false",
                            "egress.482069346.to_port": "0",
                            "id": "sg-0805ca1d2a47b8b0e",
                            "ingress.#": "1",
                            "ingress.2214680975.cidr_blocks.#": "1",
                            "ingress.2214680975.cidr_blocks.0": "0.0.0.0/0",
                            "ingress.2214680975.description": "",
                            "ingress.2214680975.from_port": "80",
                            "ingress.2214680975.ipv6_cidr_blocks.#": "0",
                            "ingress.2214680975.protocol": "tcp",
                            "ingress.2214680975.security_groups.#": "0",
                            "ingress.2214680975.self": "false",
                            "ingress.2214680975.to_port": "80",
                            "name": "app-manvir",
                            "owner_id": "135928476890",
                            "revoke_rules_on_delete": "false",
                            "tags.%": "1",
                            "tags.Name": "app-manvir",
                            "vpc_id": "vpc-04ccb012d16b2c8cd"
                        },
                        "meta": {
                            "e2bfb730-ecaa-11e6-8f88-34363bc7c4c0": {
                                "create": 600000000000,
                                "delete": 600000000000
                            },
                            "schema_version": "1"
                        },
                        "tainted": false
                    },
                    "deposed": [],
                    "provider": "provider.aws"
                },
                "aws_subnet.app": {
                    "type": "aws_subnet",
                    "depends_on": [],
                    "primary": {
                        "id": "subnet-04c78ceb7f4243943",
                        "attributes": {
                            "assign_ipv6_address_on_creation": "false",
                            "availability_zone": "eu-west-1a",
                            "cidr_block": "10.0.0.0/24",
                            "id": "subnet-04c78ceb7f4243943",
                            "map_public_ip_on_launch": "true",
                            "tags.%": "1",
                            "tags.Name": "app-manvir",
                            "vpc_id": "vpc-04ccb012d16b2c8cd"
                        },
                        "meta": {
                            "schema_version": "1"
                        },
                        "tainted": false
                    },
                    "deposed": [],
                    "provider": "provider.aws"
                },
                "aws_vpc.app": {
                    "type": "aws_vpc",
                    "depends_on": [],
                    "primary": {
                        "id": "vpc-04ccb012d16b2c8cd",
                        "attributes": {
                            "assign_generated_ipv6_cidr_block": "false",
                            "cidr_block": "10.0.0.0/16",
                            "default_network_acl_id": "acl-0c02bb1ffae7d51c3",
                            "default_route_table_id": "rtb-0b4c5541e2c2106b4",
                            "default_security_group_id": "sg-092c8f82a46880e9f",
                            "dhcp_options_id": "dopt-18d5d77d",
                            "enable_classiclink": "false",
                            "enable_classiclink_dns_support": "false",
                            "enable_dns_hostnames": "false",
                            "enable_dns_support": "true",
                            "id": "vpc-04ccb012d16b2c8cd",
                            "instance_tenancy": "default",
                            "main_route_table_id": "rtb-0b4c5541e2c2106b4",
                            "tags.%": "1",
                            "tags.Name": "app-manvir"
                        },
                        "meta": {
                            "schema_version": "1"
                        },
                        "tainted": false
                    },
                    "deposed": [],
                    "provider": "provider.aws"
                }
            },
            "depends_on": []
        },
        {
            "path": [
                "root",
                "db_tier"
            ],
            "outputs": {
                "db_ami": {
                    "sensitive": false,
                    "type": "string",
                    "value": "ami-01020378"
                },
                "vpc_id": {
                    "sensitive": false,
                    "type": "string",
                    "value": "vpc-06ea7b2554362c356"
                }
            },
            "resources": {
                "aws_network_acl.db": {
                    "type": "aws_network_acl",
                    "depends_on": [
                        "aws_subnet.db"
                    ],
                    "primary": {
                        "id": "acl-0995c2c254ec23251",
                        "attributes": {
                            "egress.#": "1",
                            "egress.301663870.action": "allow",
                            "egress.301663870.cidr_block": "10.0.1.0/24",
                            "egress.301663870.from_port": "1024",
                            "egress.301663870.icmp_code": "0",
                            "egress.301663870.icmp_type": "0",
                            "egress.301663870.ipv6_cidr_block": "",
                            "egress.301663870.protocol": "6",
                            "egress.301663870.rule_no": "120",
                            "egress.301663870.to_port": "65535",
                            "id": "acl-0995c2c254ec23251",
                            "ingress.#": "1",
                            "ingress.987794981.action": "allow",
                            "ingress.987794981.cidr_block": "10.0.1.0/24",
                            "ingress.987794981.from_port": "27017",
                            "ingress.987794981.icmp_code": "0",
                            "ingress.987794981.icmp_type": "0",
                            "ingress.987794981.ipv6_cidr_block": "",
                            "ingress.987794981.protocol": "6",
                            "ingress.987794981.rule_no": "100",
                            "ingress.987794981.to_port": "27017",
                            "subnet_ids.#": "1",
                            "subnet_ids.2887078218": "subnet-01f078f6e3f971688",
                            "tags.%": "1",
                            "tags.Name": "db-manvir-db",
                            "vpc_id": "vpc-06ea7b2554362c356"
                        },
                        "meta": {},
                        "tainted": false
                    },
                    "deposed": [],
                    "provider": "provider.aws"
                },
                "aws_route_table.db": {
                    "type": "aws_route_table",
                    "depends_on": [],
                    "primary": {
                        "id": "rtb-0607dc268af33adff",
                        "attributes": {
                            "id": "rtb-0607dc268af33adff",
                            "propagating_vgws.#": "0",
                            "route.#": "0",
                            "tags.%": "1",
                            "tags.Name": "db-manvir-db-private",
                            "vpc_id": "vpc-06ea7b2554362c356"
                        },
                        "meta": {},
                        "tainted": false
                    },
                    "deposed": [],
                    "provider": "provider.aws"
                },
                "aws_route_table_association.db": {
                    "type": "aws_route_table_association",
                    "depends_on": [
                        "aws_route_table.db",
                        "aws_subnet.db"
                    ],
                    "primary": {
                        "id": "rtbassoc-06d5d90c167b65438",
                        "attributes": {
                            "id": "rtbassoc-06d5d90c167b65438",
                            "route_table_id": "rtb-0607dc268af33adff",
                            "subnet_id": "subnet-01f078f6e3f971688"
                        },
                        "meta": {},
                        "tainted": false
                    },
                    "deposed": [],
                    "provider": "provider.aws"
                },
                "aws_security_group.db": {
                    "type": "aws_security_group",
                    "depends_on": [],
                    "primary": {
                        "id": "sg-05cb27b2cc6f45166",
                        "attributes": {
                            "description": "db-manvir db access",
                            "egress.#": "1",
                            "egress.482069346.cidr_blocks.#": "1",
                            "egress.482069346.cidr_blocks.0": "0.0.0.0/0",
                            "egress.482069346.description": "",
                            "egress.482069346.from_port": "0",
                            "egress.482069346.ipv6_cidr_blocks.#": "0",
                            "egress.482069346.prefix_list_ids.#": "0",
                            "egress.482069346.protocol": "-1",
                            "egress.482069346.security_groups.#": "0",
                            "egress.482069346.self": "false",
                            "egress.482069346.to_port": "0",
                            "id": "sg-05cb27b2cc6f45166",
                            "ingress.#": "1",
                            "ingress.150151187.cidr_blocks.#": "0",
                            "ingress.150151187.description": "",
                            "ingress.150151187.from_port": "27017",
                            "ingress.150151187.ipv6_cidr_blocks.#": "0",
                            "ingress.150151187.protocol": "tcp",
                            "ingress.150151187.security_groups.#": "1",
                            "ingress.150151187.security_groups.2946040317": "sg-0805ca1d2a47b8b0e",
                            "ingress.150151187.self": "false",
                            "ingress.150151187.to_port": "27017",
                            "name": "db-manvir-db",
                            "revoke_rules_on_delete": "false",
                            "tags.%": "1",
                            "tags.Name": "db-manvir-db",
                            "vpc_id": "vpc-06ea7b2554362c356"
                        },
                        "meta": {
                            "e2bfb730-ecaa-11e6-8f88-34363bc7c4c0": {
                                "create": 600000000000,
                                "delete": 600000000000
                            },
                            "schema_version": "1"
                        },
                        "tainted": false
                    },
                    "deposed": [],
                    "provider": "provider.aws"
                },
                "aws_subnet.db": {
                    "type": "aws_subnet",
                    "depends_on": [],
                    "primary": {
                        "id": "subnet-01f078f6e3f971688",
                        "attributes": {
                            "assign_ipv6_address_on_creation": "false",
                            "availability_zone": "eu-west-1a",
                            "cidr_block": "10.0.1.0/24",
                            "id": "subnet-01f078f6e3f971688",
                            "map_public_ip_on_launch": "false",
                            "tags.%": "1",
                            "tags.Name": "db-manvir-db",
                            "vpc_id": "vpc-06ea7b2554362c356"
                        },
                        "meta": {
                            "schema_version": "1"
                        },
                        "tainted": false
                    },
                    "deposed": [],
                    "provider": "provider.aws"
                },
                "aws_vpc.db": {
                    "type": "aws_vpc",
                    "depends_on": [],
                    "primary": {
                        "id": "vpc-06ea7b2554362c356",
                        "attributes": {
                            "assign_generated_ipv6_cidr_block": "false",
                            "cidr_block": "10.0.0.0/16",
                            "default_network_acl_id": "acl-09b0d0e3e66aacb1a",
                            "default_route_table_id": "rtb-0c844b28b892097dc",
                            "default_security_group_id": "sg-01e617da0665fa4b0",
                            "dhcp_options_id": "dopt-18d5d77d",
                            "enable_classiclink": "false",
                            "enable_classiclink_dns_support": "false",
                            "enable_dns_hostnames": "false",
                            "enable_dns_support": "true",
                            "id": "vpc-06ea7b2554362c356",
                            "instance_tenancy": "default",
                            "main_route_table_id": "rtb-0c844b28b892097dc",
                            "tags.%": "1",
                            "tags.Name": "db-manvir"
                        },
                        "meta": {
                            "schema_version": "1"
                        },
                        "tainted": false
                    },
                    "deposed": [],
                    "provider": "provider.aws"
                }
            },
            "depends_on": []
        }
    ]
}
